
Microsoft Visual Studio Solution File, Format Version 12.00
# Visual Studio Version 17
VisualStudioVersion = 17.1.32210.238
MinimumVisualStudioVersion = 10.0.40219.1
Project("{FAE04EC0-301F-11D3-BF4B-00C04F79EFBC}") = "WinFormsApp7", "WinFormsApp7\WinFormsApp7.csproj", "{56CBA60E-602F-41BA-BD28-718167691496}"
EndProject
Global
	GlobalSection(SolutionConfigurationPlatforms) = preSolution
		Debug|Any CPU = Debug|Any CPU
		Release|Any CPU = Release|Any CPU
	EndGlobalSection
	GlobalSection(ProjectConfigurationPlatforms) = postSolution
		{56CBA60E-602F-41BA-BD28-718167691496}.Debug|Any CPU.ActiveCfg = Debug|Any CPU
		{56CBA60E-602F-41BA-BD28-718167691496}.Debug|Any CPU.Build.0 = Debug|Any CPU
		{56CBA60E-602F-41BA-BD28-718167691496}.Release|Any CPU.ActiveCfg = Release|Any CPU
		{56CBA60E-602F-41BA-BD28-718167691496}.Release|Any CPU.Build.0 = Release|Any CPU
	EndGlobalSection
	GlobalSection(SolutionProperties) = preSolution
		HideSolutionNode = FALSE
	EndGlobalSection
	GlobalSection(ExtensibilityGlobals) = postSolution
		SolutionGuid = {7C918F4A-C024-4DFC-9E9D-12B90F053736}
	EndGlobalSection
EndGlobal
